
Microsoft Visual Studio Solution File, Format Version 12.00
# Visual Studio Version 16
VisualStudioVersion = 16.0.34301.259
MinimumVisualStudioVersion = 10.0.40219.1
Project("{FAE04EC0-301F-11D3-BF4B-00C04F79EFBC}") = "BlogSystem", "BlogSystem.csproj", "{5FA19C22-A624-4F94-A37E-D05AC8CC34CD}"
EndProject
Project("{FAE04EC0-301F-11D3-BF4B-00C04F79EFBC}") = "BlogSystem.Tests", "..\BlogSystem.Tests\BlogSystem.Tests.csproj", "{3F5B5F3E-A8AF-4189-BA85-D7BF28EEC43E}"
EndProject
Global
	GlobalSection(SolutionConfigurationPlatforms) = preSolution
		Debug|Any CPU = Debug|Any CPU
		Release|Any CPU = Release|Any CPU
	EndGlobalSection
	GlobalSection(ProjectConfigurationPlatforms) = postSolution
		{5FA19C22-A624-4F94-A37E-D05AC8CC34CD}.Debug|Any CPU.ActiveCfg = Debug|Any CPU
		{5FA19C22-A624-4F94-A37E-D05AC8CC34CD}.Debug|Any CPU.Build.0 = Debug|Any CPU
		{5FA19C22-A624-4F94-A37E-D05AC8CC34CD}.Release|Any CPU.ActiveCfg = Release|Any CPU
		{5FA19C22-A624-4F94-A37E-D05AC8CC34CD}.Release|Any CPU.Build.0 = Release|Any CPU
		{3F5B5F3E-A8AF-4189-BA85-D7BF28EEC43E}.Debug|Any CPU.ActiveCfg = Debug|Any CPU
		{3F5B5F3E-A8AF-4189-BA85-D7BF28EEC43E}.Debug|Any CPU.Build.0 = Debug|Any CPU
		{3F5B5F3E-A8AF-4189-BA85-D7BF28EEC43E}.Release|Any CPU.ActiveCfg = Release|Any CPU
		{3F5B5F3E-A8AF-4189-BA85-D7BF28EEC43E}.Release|Any CPU.Build.0 = Release|Any CPU
	EndGlobalSection
	GlobalSection(SolutionProperties) = preSolution
		HideSolutionNode = FALSE
	EndGlobalSection
	GlobalSection(ExtensibilityGlobals) = postSolution
		SolutionGuid = {7BC6AB5B-7A4B-4750-9890-890A22D72E25}
	EndGlobalSection
EndGlobal
